
Microsoft Visual Studio Solution File, Format Version 12.00
# Visual Studio Version 17
VisualStudioVersion = 17.14.36811.4 d17.14
MinimumVisualStudioVersion = 10.0.40219.1
Project("{FAE04EC0-301F-11D3-BF4B-00C04F79EFBC}") = "osLab3", "osLab3\osLab3.csproj", "{10A0EB14-ADF8-4E38-8BF9-913FAAE24409}"
EndProject
Global
	GlobalSection(SolutionConfigurationPlatforms) = preSolution
		Debug|Any CPU = Debug|Any CPU
		Release|Any CPU = Release|Any CPU
	EndGlobalSection
	GlobalSection(ProjectConfigurationPlatforms) = postSolution
		{10A0EB14-ADF8-4E38-8BF9-913FAAE24409}.Debug|Any CPU.ActiveCfg = Debug|Any CPU
		{10A0EB14-ADF8-4E38-8BF9-913FAAE24409}.Debug|Any CPU.Build.0 = Debug|Any CPU
		{10A0EB14-ADF8-4E38-8BF9-913FAAE24409}.Release|Any CPU.ActiveCfg = Release|Any CPU
		{10A0EB14-ADF8-4E38-8BF9-913FAAE24409}.Release|Any CPU.Build.0 = Release|Any CPU
	EndGlobalSection
	GlobalSection(SolutionProperties) = preSolution
		HideSolutionNode = FALSE
	EndGlobalSection
	GlobalSection(ExtensibilityGlobals) = postSolution
		SolutionGuid = {F08CFD62-0E60-4620-9BB7-7E7AB669EC59}
	EndGlobalSection
EndGlobal
